
Microsoft Visual Studio Solution File, Format Version 12.00
# Visual Studio Version 16
VisualStudioVersion = 16.0.30114.105
MinimumVisualStudioVersion = 10.0.40219.1
Project("{9A19103F-16F7-4668-BE54-9A1E7A4F7556}") = "FeedParserCore", "FeedParserCore\FeedParserCore.csproj", "{3F1E45AE-8CFC-48E0-BB80-C1167E37E0D9}"
EndProject
Project("{9A19103F-16F7-4668-BE54-9A1E7A4F7556}") = "FeedParserCore.Tests", "FeedParserCore.Tests\FeedParserCore.Tests.csproj", "{9B4F2D41-347A-417F-9923-FDC79633BE31}"
EndProject
Global
	GlobalSection(SolutionConfigurationPlatforms) = preSolution
		Debug|Any CPU = Debug|Any CPU
		Release|Any CPU = Release|Any CPU
	EndGlobalSection
	GlobalSection(ProjectConfigurationPlatforms) = postSolution
		{3F1E45AE-8CFC-48E0-BB80-C1167E37E0D9}.Debug|Any CPU.ActiveCfg = Debug|Any CPU
		{3F1E45AE-8CFC-48E0-BB80-C1167E37E0D9}.Debug|Any CPU.Build.0 = Debug|Any CPU
		{3F1E45AE-8CFC-48E0-BB80-C1167E37E0D9}.Release|Any CPU.ActiveCfg = Release|Any CPU
		{3F1E45AE-8CFC-48E0-BB80-C1167E37E0D9}.Release|Any CPU.Build.0 = Release|Any CPU
		{9B4F2D41-347A-417F-9923-FDC79633BE31}.Debug|Any CPU.ActiveCfg = Debug|Any CPU
		{9B4F2D41-347A-417F-9923-FDC79633BE31}.Debug|Any CPU.Build.0 = Debug|Any CPU
		{9B4F2D41-347A-417F-9923-FDC79633BE31}.Release|Any CPU.ActiveCfg = Release|Any CPU
		{9B4F2D41-347A-417F-9923-FDC79633BE31}.Release|Any CPU.Build.0 = Release|Any CPU
	EndGlobalSection
	GlobalSection(SolutionProperties) = preSolution
		HideSolutionNode = FALSE
	EndGlobalSection
	GlobalSection(ExtensibilityGlobals) = postSolution
		SolutionGuid = {A3FFFA01-E4CA-4E71-BE48-61AAD1D1DC36}
	EndGlobalSection
EndGlobal
